
Microsoft Visual Studio Solution File, Format Version 12.00
Project("{FAE04EC0-301F-11D3-BF4B-00C04F79EFBC}") = "Elevator.ControlSystem", "Elevator.ControlSystem.csproj", "{E5D100B4-1EA8-4918-BC63-5416AE5CBAC4}"
EndProject
Project("{FAE04EC0-301F-11D3-BF4B-00C04F79EFBC}") = "Elevator.ControlSystem.Tests", "Elevator.ControlSystem.Tests\Elevator.ControlSystem.Tests.csproj", "{2E7F75DF-D2FD-4325-98CE-813E631858A7}"
EndProject
Global
	GlobalSection(SolutionConfigurationPlatforms) = preSolution
		Debug|Any CPU = Debug|Any CPU
		Release|Any CPU = Release|Any CPU
	EndGlobalSection
	GlobalSection(ProjectConfigurationPlatforms) = postSolution
		{E5D100B4-1EA8-4918-BC63-5416AE5CBAC4}.Debug|Any CPU.ActiveCfg = Debug|Any CPU
		{E5D100B4-1EA8-4918-BC63-5416AE5CBAC4}.Debug|Any CPU.Build.0 = Debug|Any CPU
		{E5D100B4-1EA8-4918-BC63-5416AE5CBAC4}.Release|Any CPU.ActiveCfg = Release|Any CPU
		{E5D100B4-1EA8-4918-BC63-5416AE5CBAC4}.Release|Any CPU.Build.0 = Release|Any CPU
		{2E7F75DF-D2FD-4325-98CE-813E631858A7}.Debug|Any CPU.ActiveCfg = Debug|Any CPU
		{2E7F75DF-D2FD-4325-98CE-813E631858A7}.Debug|Any CPU.Build.0 = Debug|Any CPU
		{2E7F75DF-D2FD-4325-98CE-813E631858A7}.Release|Any CPU.ActiveCfg = Release|Any CPU
		{2E7F75DF-D2FD-4325-98CE-813E631858A7}.Release|Any CPU.Build.0 = Release|Any CPU
	EndGlobalSection
EndGlobal
